
Microsoft Visual Studio Solution File, Format Version 12.00
# Visual Studio Version 17
VisualStudioVersion = 17.4.33205.214
MinimumVisualStudioVersion = 10.0.40219.1
Project("{FAE04EC0-301F-11D3-BF4B-00C04F79EFBC}") = "01. Smallest of Three Numbers", "01. Smallest of Three Numbers\01. Smallest of Three Numbers.csproj", "{A1241809-650D-4C02-96D9-9E85D841AAE8}"
EndProject
Project("{FAE04EC0-301F-11D3-BF4B-00C04F79EFBC}") = "02. Vowels Count", "02. Vowels Count\02. Vowels Count.csproj", "{852A699F-6ED2-4B62-8F5C-1FDF9F09AC41}"
EndProject
Project("{FAE04EC0-301F-11D3-BF4B-00C04F79EFBC}") = "03. Characters in Range", "03. Characters in Range\03. Characters in Range.csproj", "{9C2B4A4B-2D82-43EC-94A5-ECA5DBEB1844}"
EndProject
Project("{FAE04EC0-301F-11D3-BF4B-00C04F79EFBC}") = "04. Password Validator", "04. Password Validator\04. Password Validator.csproj", "{A83C7CAA-3DBD-422A-96D2-7F1E0C8C9EFC}"
EndProject
Project("{FAE04EC0-301F-11D3-BF4B-00C04F79EFBC}") = "05. Add and Subtract", "05. Add and Subtract\05. Add and Subtract.csproj", "{4C08B1A7-973A-4C9C-ADC8-4796B0126CD0}"
EndProject
Project("{FAE04EC0-301F-11D3-BF4B-00C04F79EFBC}") = "06. Middle Characters", "06. Middle Characters\06. Middle Characters.csproj", "{EF167951-4B1B-425E-B683-D2FF9E3668D1}"
EndProject
Project("{FAE04EC0-301F-11D3-BF4B-00C04F79EFBC}") = "07. NxN Matrix", "07. NxN Matrix\07. NxN Matrix.csproj", "{3B00B3E7-5117-4429-98F7-F1D8E2C9EC6F}"
EndProject
Project("{FAE04EC0-301F-11D3-BF4B-00C04F79EFBC}") = "08. Factorial Division", "08. Factorial Division\08. Factorial Division.csproj", "{543237CF-7633-43EB-991C-0A23FAB86017}"
EndProject
Project("{FAE04EC0-301F-11D3-BF4B-00C04F79EFBC}") = "09. Palindrome Integers", "09. Palindrome Integers\09. Palindrome Integers.csproj", "{475F39E4-2C07-4F5F-8E60-F64B96E83EE7}"
EndProject
Project("{FAE04EC0-301F-11D3-BF4B-00C04F79EFBC}") = "10. Top Number", "10. Top Number\10. Top Number.csproj", "{F8D82B7D-FF46-4E69-A972-200EA1472946}"
EndProject
Global
	GlobalSection(SolutionConfigurationPlatforms) = preSolution
		Debug|Any CPU = Debug|Any CPU
		Release|Any CPU = Release|Any CPU
	EndGlobalSection
	GlobalSection(ProjectConfigurationPlatforms) = postSolution
		{A1241809-650D-4C02-96D9-9E85D841AAE8}.Debug|Any CPU.ActiveCfg = Debug|Any CPU
		{A1241809-650D-4C02-96D9-9E85D841AAE8}.Debug|Any CPU.Build.0 = Debug|Any CPU
		{A1241809-650D-4C02-96D9-9E85D841AAE8}.Release|Any CPU.ActiveCfg = Release|Any CPU
		{A1241809-650D-4C02-96D9-9E85D841AAE8}.Release|Any CPU.Build.0 = Release|Any CPU
		{852A699F-6ED2-4B62-8F5C-1FDF9F09AC41}.Debug|Any CPU.ActiveCfg = Debug|Any CPU
		{852A699F-6ED2-4B62-8F5C-1FDF9F09AC41}.Debug|Any CPU.Build.0 = Debug|Any CPU
		{852A699F-6ED2-4B62-8F5C-1FDF9F09AC41}.Release|Any CPU.ActiveCfg = Release|Any CPU
		{852A699F-6ED2-4B62-8F5C-1FDF9F09AC41}.Release|Any CPU.Build.0 = Release|Any CPU
		{9C2B4A4B-2D82-43EC-94A5-ECA5DBEB1844}.Debug|Any CPU.ActiveCfg = Debug|Any CPU
		{9C2B4A4B-2D82-43EC-94A5-ECA5DBEB1844}.Debug|Any CPU.Build.0 = Debug|Any CPU
		{9C2B4A4B-2D82-43EC-94A5-ECA5DBEB1844}.Release|Any CPU.ActiveCfg = Release|Any CPU
		{9C2B4A4B-2D82-43EC-94A5-ECA5DBEB1844}.Release|Any CPU.Build.0 = Release|Any CPU
		{A83C7CAA-3DBD-422A-96D2-7F1E0C8C9EFC}.Debug|Any CPU.ActiveCfg = Debug|Any CPU
		{A83C7CAA-3DBD-422A-96D2-7F1E0C8C9EFC}.Debug|Any CPU.Build.0 = Debug|Any CPU
		{A83C7CAA-3DBD-422A-96D2-7F1E0C8C9EFC}.Release|Any CPU.ActiveCfg = Release|Any CPU
		{A83C7CAA-3DBD-422A-96D2-7F1E0C8C9EFC}.Release|Any CPU.Build.0 = Release|Any CPU
		{4C08B1A7-973A-4C9C-ADC8-4796B0126CD0}.Debug|Any CPU.ActiveCfg = Debug|Any CPU
		{4C08B1A7-973A-4C9C-ADC8-4796B0126CD0}.Debug|Any CPU.Build.0 = Debug|Any CPU
		{4C08B1A7-973A-4C9C-ADC8-4796B0126CD0}.Release|Any CPU.ActiveCfg = Release|Any CPU
		{4C08B1A7-973A-4C9C-ADC8-4796B0126CD0}.Release|Any CPU.Build.0 = Release|Any CPU
		{EF167951-4B1B-425E-B683-D2FF9E3668D1}.Debug|Any CPU.ActiveCfg = Debug|Any CPU
		{EF167951-4B1B-425E-B683-D2FF9E3668D1}.Debug|Any CPU.Build.0 = Debug|Any CPU
		{EF167951-4B1B-425E-B683-D2FF9E3668D1}.Release|Any CPU.ActiveCfg = Release|Any CPU
		{EF167951-4B1B-425E-B683-D2FF9E3668D1}.Release|Any CPU.Build.0 = Release|Any CPU
		{3B00B3E7-5117-4429-98F7-F1D8E2C9EC6F}.Debug|Any CPU.ActiveCfg = Debug|Any CPU
		{3B00B3E7-5117-4429-98F7-F1D8E2C9EC6F}.Debug|Any CPU.Build.0 = Debug|Any CPU
		{3B00B3E7-5117-4429-98F7-F1D8E2C9EC6F}.Release|Any CPU.ActiveCfg = Release|Any CPU
		{3B00B3E7-5117-4429-98F7-F1D8E2C9EC6F}.Release|Any CPU.Build.0 = Release|Any CPU
		{543237CF-7633-43EB-991C-0A23FAB86017}.Debug|Any CPU.ActiveCfg = Debug|Any CPU
		{543237CF-7633-43EB-991C-0A23FAB86017}.Debug|Any CPU.Build.0 = Debug|Any CPU
		{543237CF-7633-43EB-991C-0A23FAB86017}.Release|Any CPU.ActiveCfg = Release|Any CPU
		{543237CF-7633-43EB-991C-0A23FAB86017}.Release|Any CPU.Build.0 = Release|Any CPU
		{475F39E4-2C07-4F5F-8E60-F64B96E83EE7}.Debug|Any CPU.ActiveCfg = Debug|Any CPU
		{475F39E4-2C07-4F5F-8E60-F64B96E83EE7}.Debug|Any CPU.Build.0 = Debug|Any CPU
		{475F39E4-2C07-4F5F-8E60-F64B96E83EE7}.Release|Any CPU.ActiveCfg = Release|Any CPU
		{475F39E4-2C07-4F5F-8E60-F64B96E83EE7}.Release|Any CPU.Build.0 = Release|Any CPU
		{F8D82B7D-FF46-4E69-A972-200EA1472946}.Debug|Any CPU.ActiveCfg = Debug|Any CPU
		{F8D82B7D-FF46-4E69-A972-200EA1472946}.Debug|Any CPU.Build.0 = Debug|Any CPU
		{F8D82B7D-FF46-4E69-A972-200EA1472946}.Release|Any CPU.ActiveCfg = Release|Any CPU
		{F8D82B7D-FF46-4E69-A972-200EA1472946}.Release|Any CPU.Build.0 = Release|Any CPU
	EndGlobalSection
	GlobalSection(SolutionProperties) = preSolution
		HideSolutionNode = FALSE
	EndGlobalSection
	GlobalSection(ExtensibilityGlobals) = postSolution
		SolutionGuid = {8B8C7035-2DBF-4AE6-B75E-5B2E4415919F}
	EndGlobalSection
EndGlobal
