
Microsoft Visual Studio Solution File, Format Version 12.00
# Visual Studio Version 17
VisualStudioVersion = 17.4.33205.214
MinimumVisualStudioVersion = 10.0.40219.1
Project("{FAE04EC0-301F-11D3-BF4B-00C04F79EFBC}") = "Data Types and Variables", "Data Types and Variables\Data Types and Variables.csproj", "{999B78B9-F6D8-4B33-93FA-2D18400AD0FA}"
EndProject
Project("{FAE04EC0-301F-11D3-BF4B-00C04F79EFBC}") = "01. Convert Meters to Kilometers", "01. Convert Meters to Kilometers\01. Convert Meters to Kilometers.csproj", "{B1798F01-546E-4D34-89FB-933FE387D0A2}"
EndProject
Project("{FAE04EC0-301F-11D3-BF4B-00C04F79EFBC}") = "02. Pounds to Dollars", "02. Pounds to Dollars\02. Pounds to Dollars.csproj", "{8A8C3266-C9BE-4634-BEA9-C01F420FDE9E}"
EndProject
Project("{FAE04EC0-301F-11D3-BF4B-00C04F79EFBC}") = "03. Exact Sum of Real Numbers", "03. Exact Sum of Real Numbers\03. Exact Sum of Real Numbers.csproj", "{55E7F2FB-E84C-49F8-A672-0350FD85B63F}"
EndProject
Project("{FAE04EC0-301F-11D3-BF4B-00C04F79EFBC}") = "04. Centuries to Minutes", "04. Centuries to Minutes\04. Centuries to Minutes.csproj", "{A84C5D94-3995-48B5-8C81-889F03998D0C}"
EndProject
Project("{FAE04EC0-301F-11D3-BF4B-00C04F79EFBC}") = "05. Special Numbers", "05. Special Numbers\05. Special Numbers.csproj", "{F10091F4-E78E-45AE-97FF-A2AF6004E17D}"
EndProject
Project("{FAE04EC0-301F-11D3-BF4B-00C04F79EFBC}") = "06. Reversed Chars", "06. Reversed Chars\06. Reversed Chars.csproj", "{24C4FCA2-CE9B-4B90-A6FF-F671D90EA2BC}"
EndProject
Project("{FAE04EC0-301F-11D3-BF4B-00C04F79EFBC}") = "07. Concat Names", "07. Concat Names\07. Concat Names.csproj", "{F7329D58-E883-4C92-90AC-BA2AB2332A3D}"
EndProject
Project("{FAE04EC0-301F-11D3-BF4B-00C04F79EFBC}") = "08. Town Info", "08. Town Info\08. Town Info.csproj", "{60F2E517-E174-42F2-BEB1-F5F0282DDCC2}"
EndProject
Project("{FAE04EC0-301F-11D3-BF4B-00C04F79EFBC}") = "09. Chars to String", "09. Chars to String\09. Chars to String.csproj", "{35C5B55D-B5E2-4E48-8B0B-DC08178A9F4E}"
EndProject
Project("{FAE04EC0-301F-11D3-BF4B-00C04F79EFBC}") = "10. Lower or Upper", "10. Lower or Upper\10. Lower or Upper.csproj", "{842FE2E1-76EA-4632-998E-63C698470057}"
EndProject
Project("{FAE04EC0-301F-11D3-BF4B-00C04F79EFBC}") = "11. Refactor Volume of Pyramid", "11. Refactor Volume of Pyramid\11. Refactor Volume of Pyramid.csproj", "{899FF824-57B0-48A0-94E1-5788BBB0C51F}"
EndProject
Project("{FAE04EC0-301F-11D3-BF4B-00C04F79EFBC}") = "12. Refactor Special Numbers", "12. Refactor Special Numbers\12. Refactor Special Numbers.csproj", "{137463A8-35F6-4448-AE85-6B2B38E7192F}"
EndProject
Global
	GlobalSection(SolutionConfigurationPlatforms) = preSolution
		Debug|Any CPU = Debug|Any CPU
		Release|Any CPU = Release|Any CPU
	EndGlobalSection
	GlobalSection(ProjectConfigurationPlatforms) = postSolution
		{999B78B9-F6D8-4B33-93FA-2D18400AD0FA}.Debug|Any CPU.ActiveCfg = Debug|Any CPU
		{999B78B9-F6D8-4B33-93FA-2D18400AD0FA}.Debug|Any CPU.Build.0 = Debug|Any CPU
		{999B78B9-F6D8-4B33-93FA-2D18400AD0FA}.Release|Any CPU.ActiveCfg = Release|Any CPU
		{999B78B9-F6D8-4B33-93FA-2D18400AD0FA}.Release|Any CPU.Build.0 = Release|Any CPU
		{B1798F01-546E-4D34-89FB-933FE387D0A2}.Debug|Any CPU.ActiveCfg = Debug|Any CPU
		{B1798F01-546E-4D34-89FB-933FE387D0A2}.Debug|Any CPU.Build.0 = Debug|Any CPU
		{B1798F01-546E-4D34-89FB-933FE387D0A2}.Release|Any CPU.ActiveCfg = Release|Any CPU
		{B1798F01-546E-4D34-89FB-933FE387D0A2}.Release|Any CPU.Build.0 = Release|Any CPU
		{8A8C3266-C9BE-4634-BEA9-C01F420FDE9E}.Debug|Any CPU.ActiveCfg = Debug|Any CPU
		{8A8C3266-C9BE-4634-BEA9-C01F420FDE9E}.Debug|Any CPU.Build.0 = Debug|Any CPU
		{8A8C3266-C9BE-4634-BEA9-C01F420FDE9E}.Release|Any CPU.ActiveCfg = Release|Any CPU
		{8A8C3266-C9BE-4634-BEA9-C01F420FDE9E}.Release|Any CPU.Build.0 = Release|Any CPU
		{55E7F2FB-E84C-49F8-A672-0350FD85B63F}.Debug|Any CPU.ActiveCfg = Debug|Any CPU
		{55E7F2FB-E84C-49F8-A672-0350FD85B63F}.Debug|Any CPU.Build.0 = Debug|Any CPU
		{55E7F2FB-E84C-49F8-A672-0350FD85B63F}.Release|Any CPU.ActiveCfg = Release|Any CPU
		{55E7F2FB-E84C-49F8-A672-0350FD85B63F}.Release|Any CPU.Build.0 = Release|Any CPU
		{A84C5D94-3995-48B5-8C81-889F03998D0C}.Debug|Any CPU.ActiveCfg = Debug|Any CPU
		{A84C5D94-3995-48B5-8C81-889F03998D0C}.Debug|Any CPU.Build.0 = Debug|Any CPU
		{A84C5D94-3995-48B5-8C81-889F03998D0C}.Release|Any CPU.ActiveCfg = Release|Any CPU
		{A84C5D94-3995-48B5-8C81-889F03998D0C}.Release|Any CPU.Build.0 = Release|Any CPU
		{F10091F4-E78E-45AE-97FF-A2AF6004E17D}.Debug|Any CPU.ActiveCfg = Debug|Any CPU
		{F10091F4-E78E-45AE-97FF-A2AF6004E17D}.Debug|Any CPU.Build.0 = Debug|Any CPU
		{F10091F4-E78E-45AE-97FF-A2AF6004E17D}.Release|Any CPU.ActiveCfg = Release|Any CPU
		{F10091F4-E78E-45AE-97FF-A2AF6004E17D}.Release|Any CPU.Build.0 = Release|Any CPU
		{24C4FCA2-CE9B-4B90-A6FF-F671D90EA2BC}.Debug|Any CPU.ActiveCfg = Debug|Any CPU
		{24C4FCA2-CE9B-4B90-A6FF-F671D90EA2BC}.Debug|Any CPU.Build.0 = Debug|Any CPU
		{24C4FCA2-CE9B-4B90-A6FF-F671D90EA2BC}.Release|Any CPU.ActiveCfg = Release|Any CPU
		{24C4FCA2-CE9B-4B90-A6FF-F671D90EA2BC}.Release|Any CPU.Build.0 = Release|Any CPU
		{F7329D58-E883-4C92-90AC-BA2AB2332A3D}.Debug|Any CPU.ActiveCfg = Debug|Any CPU
		{F7329D58-E883-4C92-90AC-BA2AB2332A3D}.Debug|Any CPU.Build.0 = Debug|Any CPU
		{F7329D58-E883-4C92-90AC-BA2AB2332A3D}.Release|Any CPU.ActiveCfg = Release|Any CPU
		{F7329D58-E883-4C92-90AC-BA2AB2332A3D}.Release|Any CPU.Build.0 = Release|Any CPU
		{60F2E517-E174-42F2-BEB1-F5F0282DDCC2}.Debug|Any CPU.ActiveCfg = Debug|Any CPU
		{60F2E517-E174-42F2-BEB1-F5F0282DDCC2}.Debug|Any CPU.Build.0 = Debug|Any CPU
		{60F2E517-E174-42F2-BEB1-F5F0282DDCC2}.Release|Any CPU.ActiveCfg = Release|Any CPU
		{60F2E517-E174-42F2-BEB1-F5F0282DDCC2}.Release|Any CPU.Build.0 = Release|Any CPU
		{35C5B55D-B5E2-4E48-8B0B-DC08178A9F4E}.Debug|Any CPU.ActiveCfg = Debug|Any CPU
		{35C5B55D-B5E2-4E48-8B0B-DC08178A9F4E}.Debug|Any CPU.Build.0 = Debug|Any CPU
		{35C5B55D-B5E2-4E48-8B0B-DC08178A9F4E}.Release|Any CPU.ActiveCfg = Release|Any CPU
		{35C5B55D-B5E2-4E48-8B0B-DC08178A9F4E}.Release|Any CPU.Build.0 = Release|Any CPU
		{842FE2E1-76EA-4632-998E-63C698470057}.Debug|Any CPU.ActiveCfg = Debug|Any CPU
		{842FE2E1-76EA-4632-998E-63C698470057}.Debug|Any CPU.Build.0 = Debug|Any CPU
		{842FE2E1-76EA-4632-998E-63C698470057}.Release|Any CPU.ActiveCfg = Release|Any CPU
		{842FE2E1-76EA-4632-998E-63C698470057}.Release|Any CPU.Build.0 = Release|Any CPU
		{899FF824-57B0-48A0-94E1-5788BBB0C51F}.Debug|Any CPU.ActiveCfg = Debug|Any CPU
		{899FF824-57B0-48A0-94E1-5788BBB0C51F}.Debug|Any CPU.Build.0 = Debug|Any CPU
		{899FF824-57B0-48A0-94E1-5788BBB0C51F}.Release|Any CPU.ActiveCfg = Release|Any CPU
		{899FF824-57B0-48A0-94E1-5788BBB0C51F}.Release|Any CPU.Build.0 = Release|Any CPU
		{137463A8-35F6-4448-AE85-6B2B38E7192F}.Debug|Any CPU.ActiveCfg = Debug|Any CPU
		{137463A8-35F6-4448-AE85-6B2B38E7192F}.Debug|Any CPU.Build.0 = Debug|Any CPU
		{137463A8-35F6-4448-AE85-6B2B38E7192F}.Release|Any CPU.ActiveCfg = Release|Any CPU
		{137463A8-35F6-4448-AE85-6B2B38E7192F}.Release|Any CPU.Build.0 = Release|Any CPU
	EndGlobalSection
	GlobalSection(SolutionProperties) = preSolution
		HideSolutionNode = FALSE
	EndGlobalSection
	GlobalSection(ExtensibilityGlobals) = postSolution
		SolutionGuid = {33A235E3-9656-493B-A084-1BE875CA2651}
	EndGlobalSection
EndGlobal
